
Microsoft Visual Studio Solution File, Format Version 12.00
# Visual Studio Version 16
VisualStudioVersion = 16.0.31829.152
MinimumVisualStudioVersion = 10.0.40219.1
Project("{FAE04EC0-301F-11D3-BF4B-00C04F79EFBC}") = "UserInterface", "A22 Ex05\UserInterface.csproj", "{632EBB12-E2AE-468B-A684-0B5C2883CD01}"
EndProject
Project("{FAE04EC0-301F-11D3-BF4B-00C04F79EFBC}") = "MongoDBAccess", "MongoDBAccess\MongoDBAccess.csproj", "{BCC66E20-598C-404F-BA8E-71E864E2D603}"
EndProject
Project("{FAE04EC0-301F-11D3-BF4B-00C04F79EFBC}") = "Logic", "Logic\Logic.csproj", "{3BAC2E55-3F8C-4CD7-97DD-CF15CFEF6994}"
EndProject
Global
	GlobalSection(SolutionConfigurationPlatforms) = preSolution
		Debug|Any CPU = Debug|Any CPU
		Release|Any CPU = Release|Any CPU
	EndGlobalSection
	GlobalSection(ProjectConfigurationPlatforms) = postSolution
		{632EBB12-E2AE-468B-A684-0B5C2883CD01}.Debug|Any CPU.ActiveCfg = Debug|Any CPU
		{632EBB12-E2AE-468B-A684-0B5C2883CD01}.Debug|Any CPU.Build.0 = Debug|Any CPU
		{632EBB12-E2AE-468B-A684-0B5C2883CD01}.Release|Any CPU.ActiveCfg = Release|Any CPU
		{632EBB12-E2AE-468B-A684-0B5C2883CD01}.Release|Any CPU.Build.0 = Release|Any CPU
		{BCC66E20-598C-404F-BA8E-71E864E2D603}.Debug|Any CPU.ActiveCfg = Debug|Any CPU
		{BCC66E20-598C-404F-BA8E-71E864E2D603}.Debug|Any CPU.Build.0 = Debug|Any CPU
		{BCC66E20-598C-404F-BA8E-71E864E2D603}.Release|Any CPU.ActiveCfg = Release|Any CPU
		{BCC66E20-598C-404F-BA8E-71E864E2D603}.Release|Any CPU.Build.0 = Release|Any CPU
		{3BAC2E55-3F8C-4CD7-97DD-CF15CFEF6994}.Debug|Any CPU.ActiveCfg = Debug|Any CPU
		{3BAC2E55-3F8C-4CD7-97DD-CF15CFEF6994}.Debug|Any CPU.Build.0 = Debug|Any CPU
		{3BAC2E55-3F8C-4CD7-97DD-CF15CFEF6994}.Release|Any CPU.ActiveCfg = Release|Any CPU
		{3BAC2E55-3F8C-4CD7-97DD-CF15CFEF6994}.Release|Any CPU.Build.0 = Release|Any CPU
	EndGlobalSection
	GlobalSection(SolutionProperties) = preSolution
		HideSolutionNode = FALSE
	EndGlobalSection
	GlobalSection(ExtensibilityGlobals) = postSolution
		SolutionGuid = {2375FFE4-81EB-4225-9513-3E9851877E7A}
	EndGlobalSection
EndGlobal
